
Microsoft Visual Studio Solution File, Format Version 12.00
# Visual Studio Version 17
VisualStudioVersion = 17.2.32602.215
MinimumVisualStudioVersion = 10.0.40219.1
Project("{8BC9CEB8-8B4A-11D0-8D11-00A0C91BC942}") = "SnakesGame", "SnakesGame.vcxproj", "{A393C053-A260-49DF-A76D-8949106B38BD}"
EndProject
Global
	GlobalSection(SolutionConfigurationPlatforms) = preSolution
		Debug|x64 = Debug|x64
		Debug|x86 = Debug|x86
		Release|x64 = Release|x64
		Release|x86 = Release|x86
	EndGlobalSection
	GlobalSection(ProjectConfigurationPlatforms) = postSolution
		{A393C053-A260-49DF-A76D-8949106B38BD}.Debug|x64.ActiveCfg = Debug|x64
		{A393C053-A260-49DF-A76D-8949106B38BD}.Debug|x64.Build.0 = Debug|x64
		{A393C053-A260-49DF-A76D-8949106B38BD}.Debug|x86.ActiveCfg = Debug|Win32
		{A393C053-A260-49DF-A76D-8949106B38BD}.Debug|x86.Build.0 = Debug|Win32
		{A393C053-A260-49DF-A76D-8949106B38BD}.Release|x64.ActiveCfg = Release|x64
		{A393C053-A260-49DF-A76D-8949106B38BD}.Release|x64.Build.0 = Release|x64
		{A393C053-A260-49DF-A76D-8949106B38BD}.Release|x86.ActiveCfg = Release|Win32
		{A393C053-A260-49DF-A76D-8949106B38BD}.Release|x86.Build.0 = Release|Win32
	EndGlobalSection
	GlobalSection(SolutionProperties) = preSolution
		HideSolutionNode = FALSE
	EndGlobalSection
	GlobalSection(ExtensibilityGlobals) = postSolution
		SolutionGuid = {85A777A4-4232-49D0-BFC3-B8176D81FDEB}
	EndGlobalSection
EndGlobal
